
Microsoft Visual Studio Solution File, Format Version 12.00
# Visual Studio Version 17
VisualStudioVersion = 17.5.33516.290
MinimumVisualStudioVersion = 10.0.40219.1
Project("{8BC9CEB8-8B4A-11D0-8D11-00A0C91BC942}") = "ParadigmaOOP2", "ParadigmaOOP2\ParadigmaOOP2.vcxproj", "{620C7F51-EE21-4A49-BA77-212BDF80CF75}"
EndProject
Project("{8BC9CEB8-8B4A-11D0-8D11-00A0C91BC942}") = "SolveMultiwaris", "SolveMultiwaris\SolveMultiwaris.vcxproj", "{A3046371-1D26-49B8-B1F1-70CB0189CFB3}"
EndProject
Project("{8BC9CEB8-8B4A-11D0-8D11-00A0C91BC942}") = "Polymorphism", "Polymorphism\Polymorphism.vcxproj", "{420C6295-C9EC-4D71-8617-86F51E24DD71}"
EndProject
Project("{8BC9CEB8-8B4A-11D0-8D11-00A0C91BC942}") = "ProgramNoOverriding", "ProgramNoOverriding\ProgramNoOverriding.vcxproj", "{470A98DD-0986-4157-AFFA-0CCC1F568BAE}"
EndProject
Project("{8BC9CEB8-8B4A-11D0-8D11-00A0C91BC942}") = "ProgramNoPewarisan", "ProgramNoPewarisan\ProgramNoPewarisan.vcxproj", "{E61266E9-58F6-4319-B1C9-D0D3ABA3B400}"
EndProject
Project("{8BC9CEB8-8B4A-11D0-8D11-00A0C91BC942}") = "ProgramAbstraksi", "ProgramAbstraksi\ProgramAbstraksi.vcxproj", "{F225107A-21FF-4430-99B4-7BA5AC49FEC9}"
EndProject
Global
	GlobalSection(SolutionConfigurationPlatforms) = preSolution
		Debug|x64 = Debug|x64
		Debug|x86 = Debug|x86
		Release|x64 = Release|x64
		Release|x86 = Release|x86
	EndGlobalSection
	GlobalSection(ProjectConfigurationPlatforms) = postSolution
		{620C7F51-EE21-4A49-BA77-212BDF80CF75}.Debug|x64.ActiveCfg = Debug|x64
		{620C7F51-EE21-4A49-BA77-212BDF80CF75}.Debug|x64.Build.0 = Debug|x64
		{620C7F51-EE21-4A49-BA77-212BDF80CF75}.Debug|x86.ActiveCfg = Debug|Win32
		{620C7F51-EE21-4A49-BA77-212BDF80CF75}.Debug|x86.Build.0 = Debug|Win32
		{620C7F51-EE21-4A49-BA77-212BDF80CF75}.Release|x64.ActiveCfg = Release|x64
		{620C7F51-EE21-4A49-BA77-212BDF80CF75}.Release|x64.Build.0 = Release|x64
		{620C7F51-EE21-4A49-BA77-212BDF80CF75}.Release|x86.ActiveCfg = Release|Win32
		{620C7F51-EE21-4A49-BA77-212BDF80CF75}.Release|x86.Build.0 = Release|Win32
		{A3046371-1D26-49B8-B1F1-70CB0189CFB3}.Debug|x64.ActiveCfg = Debug|x64
		{A3046371-1D26-49B8-B1F1-70CB0189CFB3}.Debug|x64.Build.0 = Debug|x64
		{A3046371-1D26-49B8-B1F1-70CB0189CFB3}.Debug|x86.ActiveCfg = Debug|Win32
		{A3046371-1D26-49B8-B1F1-70CB0189CFB3}.Debug|x86.Build.0 = Debug|Win32
		{A3046371-1D26-49B8-B1F1-70CB0189CFB3}.Release|x64.ActiveCfg = Release|x64
		{A3046371-1D26-49B8-B1F1-70CB0189CFB3}.Release|x64.Build.0 = Release|x64
		{A3046371-1D26-49B8-B1F1-70CB0189CFB3}.Release|x86.ActiveCfg = Release|Win32
		{A3046371-1D26-49B8-B1F1-70CB0189CFB3}.Release|x86.Build.0 = Release|Win32
		{420C6295-C9EC-4D71-8617-86F51E24DD71}.Debug|x64.ActiveCfg = Debug|x64
		{420C6295-C9EC-4D71-8617-86F51E24DD71}.Debug|x64.Build.0 = Debug|x64
		{420C6295-C9EC-4D71-8617-86F51E24DD71}.Debug|x86.ActiveCfg = Debug|Win32
		{420C6295-C9EC-4D71-8617-86F51E24DD71}.Debug|x86.Build.0 = Debug|Win32
		{420C6295-C9EC-4D71-8617-86F51E24DD71}.Release|x64.ActiveCfg = Release|x64
		{420C6295-C9EC-4D71-8617-86F51E24DD71}.Release|x64.Build.0 = Release|x64
		{420C6295-C9EC-4D71-8617-86F51E24DD71}.Release|x86.ActiveCfg = Release|Win32
		{420C6295-C9EC-4D71-8617-86F51E24DD71}.Release|x86.Build.0 = Release|Win32
		{470A98DD-0986-4157-AFFA-0CCC1F568BAE}.Debug|x64.ActiveCfg = Debug|x64
		{470A98DD-0986-4157-AFFA-0CCC1F568BAE}.Debug|x64.Build.0 = Debug|x64
		{470A98DD-0986-4157-AFFA-0CCC1F568BAE}.Debug|x86.ActiveCfg = Debug|Win32
		{470A98DD-0986-4157-AFFA-0CCC1F568BAE}.Debug|x86.Build.0 = Debug|Win32
		{470A98DD-0986-4157-AFFA-0CCC1F568BAE}.Release|x64.ActiveCfg = Release|x64
		{470A98DD-0986-4157-AFFA-0CCC1F568BAE}.Release|x64.Build.0 = Release|x64
		{470A98DD-0986-4157-AFFA-0CCC1F568BAE}.Release|x86.ActiveCfg = Release|Win32
		{470A98DD-0986-4157-AFFA-0CCC1F568BAE}.Release|x86.Build.0 = Release|Win32
		{E61266E9-58F6-4319-B1C9-D0D3ABA3B400}.Debug|x64.ActiveCfg = Debug|x64
		{E61266E9-58F6-4319-B1C9-D0D3ABA3B400}.Debug|x64.Build.0 = Debug|x64
		{E61266E9-58F6-4319-B1C9-D0D3ABA3B400}.Debug|x86.ActiveCfg = Debug|Win32
		{E61266E9-58F6-4319-B1C9-D0D3ABA3B400}.Debug|x86.Build.0 = Debug|Win32
		{E61266E9-58F6-4319-B1C9-D0D3ABA3B400}.Release|x64.ActiveCfg = Release|x64
		{E61266E9-58F6-4319-B1C9-D0D3ABA3B400}.Release|x64.Build.0 = Release|x64
		{E61266E9-58F6-4319-B1C9-D0D3ABA3B400}.Release|x86.ActiveCfg = Release|Win32
		{E61266E9-58F6-4319-B1C9-D0D3ABA3B400}.Release|x86.Build.0 = Release|Win32
		{F225107A-21FF-4430-99B4-7BA5AC49FEC9}.Debug|x64.ActiveCfg = Debug|x64
		{F225107A-21FF-4430-99B4-7BA5AC49FEC9}.Debug|x64.Build.0 = Debug|x64
		{F225107A-21FF-4430-99B4-7BA5AC49FEC9}.Debug|x86.ActiveCfg = Debug|Win32
		{F225107A-21FF-4430-99B4-7BA5AC49FEC9}.Debug|x86.Build.0 = Debug|Win32
		{F225107A-21FF-4430-99B4-7BA5AC49FEC9}.Release|x64.ActiveCfg = Release|x64
		{F225107A-21FF-4430-99B4-7BA5AC49FEC9}.Release|x64.Build.0 = Release|x64
		{F225107A-21FF-4430-99B4-7BA5AC49FEC9}.Release|x86.ActiveCfg = Release|Win32
		{F225107A-21FF-4430-99B4-7BA5AC49FEC9}.Release|x86.Build.0 = Release|Win32
	EndGlobalSection
	GlobalSection(SolutionProperties) = preSolution
		HideSolutionNode = FALSE
	EndGlobalSection
	GlobalSection(ExtensibilityGlobals) = postSolution
		SolutionGuid = {415B463B-2837-4619-B4AC-825A625FFE5C}
	EndGlobalSection
EndGlobal
